{
  "name": "Lorem",
  "lockfileVersion": 3,
  "requires": true,
  "packages": {
    "": {
      "dependencies": {
        "smoothscroll-for-websites": "^1.4.10"
      }
    },
    "node_modules/smoothscroll-for-websites": {
      "version": "1.4.10",
      "resolved": "https://registry.npmjs.org/smoothscroll-for-websites/-/smoothscroll-for-websites-1.4.10.tgz",
      "integrity": "sha512-4/4RdF+wbXD2RqylKpzaU2CO+cngt/rCE81FP5Hc0jFbTma0mouCwMBvfMDHXQXFJsVS0FOMSNfPQdlAu8HkcQ=="
    }
  }
}
